// !$*UTF8*$!
{
	archiveVersion = 1;
	classes = {
	};
	objectVersion = 56;
	objects = {

/* Begin PBXBuildFile section */
		361294582AECE23A0088E952 /* AppDelegate.swift in Sources */ = {isa = PBXBuildFile; fileRef = 361294572AECE23A0088E952 /* AppDelegate.swift */; };
		3612945A2AECE23A0088E952 /* SceneDelegate.swift in Sources */ = {isa = PBXBuildFile; fileRef = 361294592AECE23A0088E952 /* SceneDelegate.swift */; };
		3612945C2AECE23A0088E952 /* ViewController.swift in Sources */ = {isa = PBXBuildFile; fileRef = 3612945B2AECE23A0088E952 /* ViewController.swift */; };
		3612945F2AECE23A0088E952 /* Main.storyboard in Resources */ = {isa = PBXBuildFile; fileRef = 3612945D2AECE23A0088E952 /* Main.storyboard */; };
		361294612AECE23E0088E952 /* Assets.xcassets in Resources */ = {isa = PBXBuildFile; fileRef = 361294602AECE23E0088E952 /* Assets.xcassets */; };
		361294642AECE23E0088E952 /* LaunchScreen.storyboard in Resources */ = {isa = PBXBuildFile; fileRef = 361294622AECE23E0088E952 /* LaunchScreen.storyboard */; };
		3612946E2AECE5670088E952 /* MainTabbarWireframe.swift in Sources */ = {isa = PBXBuildFile; fileRef = 3612946D2AECE5670088E952 /* MainTabbarWireframe.swift */; };
		361294712AECE6520088E952 /* UIView+Extension.swift in Sources */ = {isa = PBXBuildFile; fileRef = 361294702AECE6520088E952 /* UIView+Extension.swift */; };
		361294752AECEC0E0088E952 /* MovieViewController.swift in Sources */ = {isa = PBXBuildFile; fileRef = 361294742AECEC0E0088E952 /* MovieViewController.swift */; };
		361294772AECEC250088E952 /* Movie.storyboard in Resources */ = {isa = PBXBuildFile; fileRef = 361294762AECEC250088E952 /* Movie.storyboard */; };
		3612947B2AECF1140088E952 /* APIService.swift in Sources */ = {isa = PBXBuildFile; fileRef = 3612947A2AECF1140088E952 /* APIService.swift */; };
		3612947F2AECF2060088E952 /* MovieVM.swift in Sources */ = {isa = PBXBuildFile; fileRef = 3612947E2AECF2060088E952 /* MovieVM.swift */; };
		361294832AECF51E0088E952 /* MovieViewCell.swift in Sources */ = {isa = PBXBuildFile; fileRef = 361294812AECF51E0088E952 /* MovieViewCell.swift */; };
		361294842AECF51E0088E952 /* MovieViewCell.xib in Resources */ = {isa = PBXBuildFile; fileRef = 361294822AECF51E0088E952 /* MovieViewCell.xib */; };
		361294862AED00690088E952 /* MovieView.swift in Sources */ = {isa = PBXBuildFile; fileRef = 361294852AED00690088E952 /* MovieView.swift */; };
		361294882AED13E50088E952 /* MovieModel.swift in Sources */ = {isa = PBXBuildFile; fileRef = 361294872AED13E50088E952 /* MovieModel.swift */; };
		3612948B2AED3FF10088E952 /* MovieTableViewDataSource.swift in Sources */ = {isa = PBXBuildFile; fileRef = 3612948A2AED3FF10088E952 /* MovieTableViewDataSource.swift */; };
		B7073FAA54DF85C8E9D99E30 /* Pods_Movie_App.framework in Frameworks */ = {isa = PBXBuildFile; fileRef = 5891C8D02C3D5EFB07732D0F /* Pods_Movie_App.framework */; };
/* End PBXBuildFile section */

/* Begin PBXFileReference section */
		361294542AECE23A0088E952 /* Movie App.app */ = {isa = PBXFileReference; explicitFileType = wrapper.application; includeInIndex = 0; path = "Movie App.app"; sourceTree = BUILT_PRODUCTS_DIR; };
		361294572AECE23A0088E952 /* AppDelegate.swift */ = {isa = PBXFileReference; lastKnownFileType = sourcecode.swift; path = AppDelegate.swift; sourceTree = "<group>"; };
		361294592AECE23A0088E952 /* SceneDelegate.swift */ = {isa = PBXFileReference; lastKnownFileType = sourcecode.swift; path = SceneDelegate.swift; sourceTree = "<group>"; };
		3612945B2AECE23A0088E952 /* ViewController.swift */ = {isa = PBXFileReference; lastKnownFileType = sourcecode.swift; path = ViewController.swift; sourceTree = "<group>"; };
		3612945E2AECE23A0088E952 /* Base */ = {isa = PBXFileReference; lastKnownFileType = file.storyboard; name = Base; path = Base.lproj/Main.storyboard; sourceTree = "<group>"; };
		361294602AECE23E0088E952 /* Assets.xcassets */ = {isa = PBXFileReference; lastKnownFileType = folder.assetcatalog; path = Assets.xcassets; sourceTree = "<group>"; };
		361294632AECE23E0088E952 /* Base */ = {isa = PBXFileReference; lastKnownFileType = file.storyboard; name = Base; path = Base.lproj/LaunchScreen.storyboard; sourceTree = "<group>"; };
		361294652AECE23E0088E952 /* Info.plist */ = {isa = PBXFileReference; lastKnownFileType = text.plist.xml; path = Info.plist; sourceTree = "<group>"; };
		3612946D2AECE5670088E952 /* MainTabbarWireframe.swift */ = {isa = PBXFileReference; lastKnownFileType = sourcecode.swift; path = MainTabbarWireframe.swift; sourceTree = "<group>"; };
		361294702AECE6520088E952 /* UIView+Extension.swift */ = {isa = PBXFileReference; lastKnownFileType = sourcecode.swift; path = "UIView+Extension.swift"; sourceTree = "<group>"; };
		361294742AECEC0E0088E952 /* MovieViewController.swift */ = {isa = PBXFileReference; lastKnownFileType = sourcecode.swift; path = MovieViewController.swift; sourceTree = "<group>"; };
		361294762AECEC250088E952 /* Movie.storyboard */ = {isa = PBXFileReference; lastKnownFileType = file.storyboard; path = Movie.storyboard; sourceTree = "<group>"; };
		3612947A2AECF1140088E952 /* APIService.swift */ = {isa = PBXFileReference; lastKnownFileType = sourcecode.swift; path = APIService.swift; sourceTree = "<group>"; };
		3612947E2AECF2060088E952 /* MovieVM.swift */ = {isa = PBXFileReference; lastKnownFileType = sourcecode.swift; path = MovieVM.swift; sourceTree = "<group>"; };
		361294812AECF51E0088E952 /* MovieViewCell.swift */ = {isa = PBXFileReference; lastKnownFileType = sourcecode.swift; path = MovieViewCell.swift; sourceTree = "<group>"; };
		361294822AECF51E0088E952 /* MovieViewCell.xib */ = {isa = PBXFileReference; lastKnownFileType = file.xib; path = MovieViewCell.xib; sourceTree = "<group>"; };
		361294852AED00690088E952 /* MovieView.swift */ = {isa = PBXFileReference; lastKnownFileType = sourcecode.swift; path = MovieView.swift; sourceTree = "<group>"; };
		361294872AED13E50088E952 /* MovieModel.swift */ = {isa = PBXFileReference; lastKnownFileType = sourcecode.swift; path = MovieModel.swift; sourceTree = "<group>"; };
		3612948A2AED3FF10088E952 /* MovieTableViewDataSource.swift */ = {isa = PBXFileReference; lastKnownFileType = sourcecode.swift; path = MovieTableViewDataSource.swift; sourceTree = "<group>"; };
		5891C8D02C3D5EFB07732D0F /* Pods_Movie_App.framework */ = {isa = PBXFileReference; explicitFileType = wrapper.framework; includeInIndex = 0; path = Pods_Movie_App.framework; sourceTree = BUILT_PRODUCTS_DIR; };
		A137F81BB8E7EE3C3E46BCDC /* Pods-Movie App.debug.xcconfig */ = {isa = PBXFileReference; includeInIndex = 1; lastKnownFileType = text.xcconfig; name = "Pods-Movie App.debug.xcconfig"; path = "Target Support Files/Pods-Movie App/Pods-Movie App.debug.xcconfig"; sourceTree = "<group>"; };
		F6589915CB6F1CCC9995FB9D /* Pods-Movie App.release.xcconfig */ = {isa = PBXFileReference; includeInIndex = 1; lastKnownFileType = text.xcconfig; name = "Pods-Movie App.release.xcconfig"; path = "Target Support Files/Pods-Movie App/Pods-Movie App.release.xcconfig"; sourceTree = "<group>"; };
/* End PBXFileReference section */

/* Begin PBXFrameworksBuildPhase section */
		361294512AECE23A0088E952 /* Frameworks */ = {
			isa = PBXFrameworksBuildPhase;
			buildActionMask = 2147483647;
			files = (
				B7073FAA54DF85C8E9D99E30 /* Pods_Movie_App.framework in Frameworks */,
			);
			runOnlyForDeploymentPostprocessing = 0;
		};
/* End PBXFrameworksBuildPhase section */

/* Begin PBXGroup section */
		0BC56F212AAF161DE50BB748 /* Pods */ = {
			isa = PBXGroup;
			children = (
				A137F81BB8E7EE3C3E46BCDC /* Pods-Movie App.debug.xcconfig */,
				F6589915CB6F1CCC9995FB9D /* Pods-Movie App.release.xcconfig */,
			);
			path = Pods;
			sourceTree = "<group>";
		};
		3612944B2AECE23A0088E952 = {
			isa = PBXGroup;
			children = (
				361294562AECE23A0088E952 /* Movie App */,
				361294552AECE23A0088E952 /* Products */,
				0BC56F212AAF161DE50BB748 /* Pods */,
				67C2B6C0590BA710B83D99A5 /* Frameworks */,
			);
			sourceTree = "<group>";
		};
		361294552AECE23A0088E952 /* Products */ = {
			isa = PBXGroup;
			children = (
				361294542AECE23A0088E952 /* Movie App.app */,
			);
			name = Products;
			sourceTree = "<group>";
		};
		361294562AECE23A0088E952 /* Movie App */ = {
			isa = PBXGroup;
			children = (
				361294572AECE23A0088E952 /* AppDelegate.swift */,
				361294592AECE23A0088E952 /* SceneDelegate.swift */,
				361294782AECEE7B0088E952 /* Model */,
				3612946F2AECE63F0088E952 /* Helper */,
				3612946C2AECE54D0088E952 /* Wireframe */,
				361294722AECEBC80088E952 /* Movie */,
				3612945B2AECE23A0088E952 /* ViewController.swift */,
				3612945D2AECE23A0088E952 /* Main.storyboard */,
				361294602AECE23E0088E952 /* Assets.xcassets */,
				361294622AECE23E0088E952 /* LaunchScreen.storyboard */,
				361294652AECE23E0088E952 /* Info.plist */,
			);
			path = "Movie App";
			sourceTree = "<group>";
		};
		3612946C2AECE54D0088E952 /* Wireframe */ = {
			isa = PBXGroup;
			children = (
				3612946D2AECE5670088E952 /* MainTabbarWireframe.swift */,
			);
			path = Wireframe;
			sourceTree = "<group>";
		};
		3612946F2AECE63F0088E952 /* Helper */ = {
			isa = PBXGroup;
			children = (
				361294702AECE6520088E952 /* UIView+Extension.swift */,
				3612947A2AECF1140088E952 /* APIService.swift */,
			);
			path = Helper;
			sourceTree = "<group>";
		};
		361294722AECEBC80088E952 /* Movie */ = {
			isa = PBXGroup;
			children = (
				361294892AED3FD70088E952 /* DataSource */,
				361294802AECF2190088E952 /* Views */,
				3612947D2AECF1EE0088E952 /* Controller */,
				3612947C2AECF1DA0088E952 /* ViewModel */,
				361294762AECEC250088E952 /* Movie.storyboard */,
			);
			path = Movie;
			sourceTree = "<group>";
		};
		361294782AECEE7B0088E952 /* Model */ = {
			isa = PBXGroup;
			children = (
				361294872AED13E50088E952 /* MovieModel.swift */,
			);
			path = Model;
			sourceTree = "<group>";
		};
		3612947C2AECF1DA0088E952 /* ViewModel */ = {
			isa = PBXGroup;
			children = (
				3612947E2AECF2060088E952 /* MovieVM.swift */,
			);
			path = ViewModel;
			sourceTree = "<group>";
		};
		3612947D2AECF1EE0088E952 /* Controller */ = {
			isa = PBXGroup;
			children = (
				361294742AECEC0E0088E952 /* MovieViewController.swift */,
			);
			path = Controller;
			sourceTree = "<group>";
		};
		361294802AECF2190088E952 /* Views */ = {
			isa = PBXGroup;
			children = (
				361294812AECF51E0088E952 /* MovieViewCell.swift */,
				361294822AECF51E0088E952 /* MovieViewCell.xib */,
				361294852AED00690088E952 /* MovieView.swift */,
			);
			path = Views;
			sourceTree = "<group>";
		};
		361294892AED3FD70088E952 /* DataSource */ = {
			isa = PBXGroup;
			children = (
				3612948A2AED3FF10088E952 /* MovieTableViewDataSource.swift */,
			);
			path = DataSource;
			sourceTree = "<group>";
		};
		67C2B6C0590BA710B83D99A5 /* Frameworks */ = {
			isa = PBXGroup;
			children = (
				5891C8D02C3D5EFB07732D0F /* Pods_Movie_App.framework */,
			);
			name = Frameworks;
			sourceTree = "<group>";
		};
/* End PBXGroup section */

/* Begin PBXNativeTarget section */
		361294532AECE23A0088E952 /* Movie App */ = {
			isa = PBXNativeTarget;
			buildConfigurationList = 361294682AECE23E0088E952 /* Build configuration list for PBXNativeTarget "Movie App" */;
			buildPhases = (
				FC0532691803D33FF3EFFA64 /* [CP] Check Pods Manifest.lock */,
				361294502AECE23A0088E952 /* Sources */,
				361294512AECE23A0088E952 /* Frameworks */,
				361294522AECE23A0088E952 /* Resources */,
				3F3B4677E84EB6FC82470078 /* [CP] Embed Pods Frameworks */,
			);
			buildRules = (
			);
			dependencies = (
			);
			name = "Movie App";
			productName = "Movie App";
			productReference = 361294542AECE23A0088E952 /* Movie App.app */;
			productType = "com.apple.product-type.application";
		};
/* End PBXNativeTarget section */

/* Begin PBXProject section */
		3612944C2AECE23A0088E952 /* Project object */ = {
			isa = PBXProject;
			attributes = {
				BuildIndependentTargetsInParallel = 1;
				LastSwiftUpdateCheck = 1420;
				LastUpgradeCheck = 1420;
				TargetAttributes = {
					361294532AECE23A0088E952 = {
						CreatedOnToolsVersion = 14.2;
					};
				};
			};
			buildConfigurationList = 3612944F2AECE23A0088E952 /* Build configuration list for PBXProject "Movie App" */;
			compatibilityVersion = "Xcode 14.0";
			developmentRegion = en;
			hasScannedForEncodings = 0;
			knownRegions = (
				en,
				Base,
			);
			mainGroup = 3612944B2AECE23A0088E952;
			productRefGroup = 361294552AECE23A0088E952 /* Products */;
			projectDirPath = "";
			projectRoot = "";
			targets = (
				361294532AECE23A0088E952 /* Movie App */,
			);
		};
/* End PBXProject section */

/* Begin PBXResourcesBuildPhase section */
		361294522AECE23A0088E952 /* Resources */ = {
			isa = PBXResourcesBuildPhase;
			buildActionMask = 2147483647;
			files = (
				361294642AECE23E0088E952 /* LaunchScreen.storyboard in Resources */,
				361294612AECE23E0088E952 /* Assets.xcassets in Resources */,
				3612945F2AECE23A0088E952 /* Main.storyboard in Resources */,
				361294772AECEC250088E952 /* Movie.storyboard in Resources */,
				361294842AECF51E0088E952 /* MovieViewCell.xib in Resources */,
			);
			runOnlyForDeploymentPostprocessing = 0;
		};
/* End PBXResourcesBuildPhase section */

/* Begin PBXShellScriptBuildPhase section */
		3F3B4677E84EB6FC82470078 /* [CP] Embed Pods Frameworks */ = {
			isa = PBXShellScriptBuildPhase;
			buildActionMask = 2147483647;
			files = (
			);
			inputFileListPaths = (
				"${PODS_ROOT}/Target Support Files/Pods-Movie App/Pods-Movie App-frameworks-${CONFIGURATION}-input-files.xcfilelist",
			);
			name = "[CP] Embed Pods Frameworks";
			outputFileListPaths = (
				"${PODS_ROOT}/Target Support Files/Pods-Movie App/Pods-Movie App-frameworks-${CONFIGURATION}-output-files.xcfilelist",
			);
			runOnlyForDeploymentPostprocessing = 0;
			shellPath = /bin/sh;
			shellScript = "\"${PODS_ROOT}/Target Support Files/Pods-Movie App/Pods-Movie App-frameworks.sh\"\n";
			showEnvVarsInLog = 0;
		};
		FC0532691803D33FF3EFFA64 /* [CP] Check Pods Manifest.lock */ = {
			isa = PBXShellScriptBuildPhase;
			buildActionMask = 2147483647;
			files = (
			);
			inputFileListPaths = (
			);
			inputPaths = (
				"${PODS_PODFILE_DIR_PATH}/Podfile.lock",
				"${PODS_ROOT}/Manifest.lock",
			);
			name = "[CP] Check Pods Manifest.lock";
			outputFileListPaths = (
			);
			outputPaths = (
				"$(DERIVED_FILE_DIR)/Pods-Movie App-checkManifestLockResult.txt",
			);
			runOnlyForDeploymentPostprocessing = 0;
			shellPath = /bin/sh;
			shellScript = "diff \"${PODS_PODFILE_DIR_PATH}/Podfile.lock\" \"${PODS_ROOT}/Manifest.lock\" > /dev/null\nif [ $? != 0 ] ; then\n    # print error to STDERR\n    echo \"error: The sandbox is not in sync with the Podfile.lock. Run 'pod install' or update your CocoaPods installation.\" >&2\n    exit 1\nfi\n# This output is used by Xcode 'outputs' to avoid re-running this script phase.\necho \"SUCCESS\" > \"${SCRIPT_OUTPUT_FILE_0}\"\n";
			showEnvVarsInLog = 0;
		};
/* End PBXShellScriptBuildPhase section */

/* Begin PBXSourcesBuildPhase section */
		361294502AECE23A0088E952 /* Sources */ = {
			isa = PBXSourcesBuildPhase;
			buildActionMask = 2147483647;
			files = (
				361294882AED13E50088E952 /* MovieModel.swift in Sources */,
				3612945C2AECE23A0088E952 /* ViewController.swift in Sources */,
				361294582AECE23A0088E952 /* AppDelegate.swift in Sources */,
				3612948B2AED3FF10088E952 /* MovieTableViewDataSource.swift in Sources */,
				3612945A2AECE23A0088E952 /* SceneDelegate.swift in Sources */,
				3612947F2AECF2060088E952 /* MovieVM.swift in Sources */,
				361294712AECE6520088E952 /* UIView+Extension.swift in Sources */,
				361294862AED00690088E952 /* MovieView.swift in Sources */,
				3612946E2AECE5670088E952 /* MainTabbarWireframe.swift in Sources */,
				3612947B2AECF1140088E952 /* APIService.swift in Sources */,
				361294752AECEC0E0088E952 /* MovieViewController.swift in Sources */,
				361294832AECF51E0088E952 /* MovieViewCell.swift in Sources */,
			);
			runOnlyForDeploymentPostprocessing = 0;
		};
/* End PBXSourcesBuildPhase section */

/* Begin PBXVariantGroup section */
		3612945D2AECE23A0088E952 /* Main.storyboard */ = {
			isa = PBXVariantGroup;
			children = (
				3612945E2AECE23A0088E952 /* Base */,
			);
			name = Main.storyboard;
			sourceTree = "<group>";
		};
		361294622AECE23E0088E952 /* LaunchScreen.storyboard */ = {
			isa = PBXVariantGroup;
			children = (
				361294632AECE23E0088E952 /* Base */,
			);
			name = LaunchScreen.storyboard;
			sourceTree = "<group>";
		};
/* End PBXVariantGroup section */

/* Begin XCBuildConfiguration section */
		361294662AECE23E0088E952 /* Debug */ = {
			isa = XCBuildConfiguration;
			buildSettings = {
				ALWAYS_SEARCH_USER_PATHS = NO;
				CLANG_ANALYZER_NONNULL = YES;
				CLANG_ANALYZER_NUMBER_OBJECT_CONVERSION = YES_AGGRESSIVE;
				CLANG_CXX_LANGUAGE_STANDARD = "gnu++20";
				CLANG_ENABLE_MODULES = YES;
				CLANG_ENABLE_OBJC_ARC = YES;
				CLANG_ENABLE_OBJC_WEAK = YES;
				CLANG_WARN_BLOCK_CAPTURE_AUTORELEASING = YES;
				CLANG_WARN_BOOL_CONVERSION = YES;
				CLANG_WARN_COMMA = YES;
				CLANG_WARN_CONSTANT_CONVERSION = YES;
				CLANG_WARN_DEPRECATED_OBJC_IMPLEMENTATIONS = YES;
				CLANG_WARN_DIRECT_OBJC_ISA_USAGE = YES_ERROR;
				CLANG_WARN_DOCUMENTATION_COMMENTS = YES;
				CLANG_WARN_EMPTY_BODY = YES;
				CLANG_WARN_ENUM_CONVERSION = YES;
				CLANG_WARN_INFINITE_RECURSION = YES;
				CLANG_WARN_INT_CONVERSION = YES;
				CLANG_WARN_NON_LITERAL_NULL_CONVERSION = YES;
				CLANG_WARN_OBJC_IMPLICIT_RETAIN_SELF = YES;
				CLANG_WARN_OBJC_LITERAL_CONVERSION = YES;
				CLANG_WARN_OBJC_ROOT_CLASS = YES_ERROR;
				CLANG_WARN_QUOTED_INCLUDE_IN_FRAMEWORK_HEADER = YES;
				CLANG_WARN_RANGE_LOOP_ANALYSIS = YES;
				CLANG_WARN_STRICT_PROTOTYPES = YES;
				CLANG_WARN_SUSPICIOUS_MOVE = YES;
				CLANG_WARN_UNGUARDED_AVAILABILITY = YES_AGGRESSIVE;
				CLANG_WARN_UNREACHABLE_CODE = YES;
				CLANG_WARN__DUPLICATE_METHOD_MATCH = YES;
				COPY_PHASE_STRIP = NO;
				DEBUG_INFORMATION_FORMAT = dwarf;
				ENABLE_STRICT_OBJC_MSGSEND = YES;
				ENABLE_TESTABILITY = YES;
				GCC_C_LANGUAGE_STANDARD = gnu11;
				GCC_DYNAMIC_NO_PIC = NO;
				GCC_NO_COMMON_BLOCKS = YES;
				GCC_OPTIMIZATION_LEVEL = 0;
				GCC_PREPROCESSOR_DEFINITIONS = (
					"DEBUG=1",
					"$(inherited)",
				);
				GCC_WARN_64_TO_32_BIT_CONVERSION = YES;
				GCC_WARN_ABOUT_RETURN_TYPE = YES_ERROR;
				GCC_WARN_UNDECLARED_SELECTOR = YES;
				GCC_WARN_UNINITIALIZED_AUTOS = YES_AGGRESSIVE;
				GCC_WARN_UNUSED_FUNCTION = YES;
				GCC_WARN_UNUSED_VARIABLE = YES;
				IPHONEOS_DEPLOYMENT_TARGET = 16.2;
				MTL_ENABLE_DEBUG_INFO = INCLUDE_SOURCE;
				MTL_FAST_MATH = YES;
				ONLY_ACTIVE_ARCH = YES;
				SDKROOT = iphoneos;
				SWIFT_ACTIVE_COMPILATION_CONDITIONS = DEBUG;
				SWIFT_OPTIMIZATION_LEVEL = "-Onone";
			};
			name = Debug;
		};
		361294672AECE23E0088E952 /* Release */ = {
			isa = XCBuildConfiguration;
			buildSettings = {
				ALWAYS_SEARCH_USER_PATHS = NO;
				CLANG_ANALYZER_NONNULL = YES;
				CLANG_ANALYZER_NUMBER_OBJECT_CONVERSION = YES_AGGRESSIVE;
				CLANG_CXX_LANGUAGE_STANDARD = "gnu++20";
				CLANG_ENABLE_MODULES = YES;
				CLANG_ENABLE_OBJC_ARC = YES;
				CLANG_ENABLE_OBJC_WEAK = YES;
				CLANG_WARN_BLOCK_CAPTURE_AUTORELEASING = YES;
				CLANG_WARN_BOOL_CONVERSION = YES;
				CLANG_WARN_COMMA = YES;
				CLANG_WARN_CONSTANT_CONVERSION = YES;
				CLANG_WARN_DEPRECATED_OBJC_IMPLEMENTATIONS = YES;
				CLANG_WARN_DIRECT_OBJC_ISA_USAGE = YES_ERROR;
				CLANG_WARN_DOCUMENTATION_COMMENTS = YES;
				CLANG_WARN_EMPTY_BODY = YES;
				CLANG_WARN_ENUM_CONVERSION = YES;
				CLANG_WARN_INFINITE_RECURSION = YES;
				CLANG_WARN_INT_CONVERSION = YES;
				CLANG_WARN_NON_LITERAL_NULL_CONVERSION = YES;
				CLANG_WARN_OBJC_IMPLICIT_RETAIN_SELF = YES;
				CLANG_WARN_OBJC_LITERAL_CONVERSION = YES;
				CLANG_WARN_OBJC_ROOT_CLASS = YES_ERROR;
				CLANG_WARN_QUOTED_INCLUDE_IN_FRAMEWORK_HEADER = YES;
				CLANG_WARN_RANGE_LOOP_ANALYSIS = YES;
				CLANG_WARN_STRICT_PROTOTYPES = YES;
				CLANG_WARN_SUSPICIOUS_MOVE = YES;
				CLANG_WARN_UNGUARDED_AVAILABILITY = YES_AGGRESSIVE;
				CLANG_WARN_UNREACHABLE_CODE = YES;
				CLANG_WARN__DUPLICATE_METHOD_MATCH = YES;
				COPY_PHASE_STRIP = NO;
				DEBUG_INFORMATION_FORMAT = "dwarf-with-dsym";
				ENABLE_NS_ASSERTIONS = NO;
				ENABLE_STRICT_OBJC_MSGSEND = YES;
				GCC_C_LANGUAGE_STANDARD = gnu11;
				GCC_NO_COMMON_BLOCKS = YES;
				GCC_WARN_64_TO_32_BIT_CONVERSION = YES;
				GCC_WARN_ABOUT_RETURN_TYPE = YES_ERROR;
				GCC_WARN_UNDECLARED_SELECTOR = YES;
				GCC_WARN_UNINITIALIZED_AUTOS = YES_AGGRESSIVE;
				GCC_WARN_UNUSED_FUNCTION = YES;
				GCC_WARN_UNUSED_VARIABLE = YES;
				IPHONEOS_DEPLOYMENT_TARGET = 16.2;
				MTL_ENABLE_DEBUG_INFO = NO;
				MTL_FAST_MATH = YES;
				SDKROOT = iphoneos;
				SWIFT_COMPILATION_MODE = wholemodule;
				SWIFT_OPTIMIZATION_LEVEL = "-O";
				VALIDATE_PRODUCT = YES;
			};
			name = Release;
		};
		361294692AECE23E0088E952 /* Debug */ = {
			isa = XCBuildConfiguration;
			baseConfigurationReference = A137F81BB8E7EE3C3E46BCDC /* Pods-Movie App.debug.xcconfig */;
			buildSettings = {
				ASSETCATALOG_COMPILER_APPICON_NAME = AppIcon;
				ASSETCATALOG_COMPILER_GLOBAL_ACCENT_COLOR_NAME = AccentColor;
				CODE_SIGN_STYLE = Automatic;
				CURRENT_PROJECT_VERSION = 1;
				DEVELOPMENT_TEAM = WZB5R9B92Y;
				GENERATE_INFOPLIST_FILE = YES;
				INFOPLIST_FILE = "Movie App/Info.plist";
				INFOPLIST_KEY_UIApplicationSupportsIndirectInputEvents = YES;
				INFOPLIST_KEY_UILaunchStoryboardName = LaunchScreen;
				INFOPLIST_KEY_UIMainStoryboardFile = Main;
				INFOPLIST_KEY_UISupportedInterfaceOrientations_iPad = "UIInterfaceOrientationPortrait UIInterfaceOrientationPortraitUpsideDown UIInterfaceOrientationLandscapeLeft UIInterfaceOrientationLandscapeRight";
				INFOPLIST_KEY_UISupportedInterfaceOrientations_iPhone = "UIInterfaceOrientationPortrait UIInterfaceOrientationLandscapeLeft UIInterfaceOrientationLandscapeRight";
				IPHONEOS_DEPLOYMENT_TARGET = 16.0;
				LD_RUNPATH_SEARCH_PATHS = (
					"$(inherited)",
					"@executable_path/Frameworks",
				);
				MARKETING_VERSION = 1.0;
				PRODUCT_BUNDLE_IDENTIFIER = "com.amin.faruq.Movie-App";
				PRODUCT_NAME = "$(TARGET_NAME)";
				SWIFT_EMIT_LOC_STRINGS = YES;
				SWIFT_VERSION = 5.0;
				TARGETED_DEVICE_FAMILY = "1,2";
			};
			name = Debug;
		};
		3612946A2AECE23E0088E952 /* Release */ = {
			isa = XCBuildConfiguration;
			baseConfigurationReference = F6589915CB6F1CCC9995FB9D /* Pods-Movie App.release.xcconfig */;
			buildSettings = {
				ASSETCATALOG_COMPILER_APPICON_NAME = AppIcon;
				ASSETCATALOG_COMPILER_GLOBAL_ACCENT_COLOR_NAME = AccentColor;
				CODE_SIGN_STYLE = Automatic;
				CURRENT_PROJECT_VERSION = 1;
				DEVELOPMENT_TEAM = WZB5R9B92Y;
				GENERATE_INFOPLIST_FILE = YES;
				INFOPLIST_FILE = "Movie App/Info.plist";
				INFOPLIST_KEY_UIApplicationSupportsIndirectInputEvents = YES;
				INFOPLIST_KEY_UILaunchStoryboardName = LaunchScreen;
				INFOPLIST_KEY_UIMainStoryboardFile = Main;
				INFOPLIST_KEY_UISupportedInterfaceOrientations_iPad = "UIInterfaceOrientationPortrait UIInterfaceOrientationPortraitUpsideDown UIInterfaceOrientationLandscapeLeft UIInterfaceOrientationLandscapeRight";
				INFOPLIST_KEY_UISupportedInterfaceOrientations_iPhone = "UIInterfaceOrientationPortrait UIInterfaceOrientationLandscapeLeft UIInterfaceOrientationLandscapeRight";
				IPHONEOS_DEPLOYMENT_TARGET = 16.0;
				LD_RUNPATH_SEARCH_PATHS = (
					"$(inherited)",
					"@executable_path/Frameworks",
				);
				MARKETING_VERSION = 1.0;
				PRODUCT_BUNDLE_IDENTIFIER = "com.amin.faruq.Movie-App";
				PRODUCT_NAME = "$(TARGET_NAME)";
				SWIFT_EMIT_LOC_STRINGS = YES;
				SWIFT_VERSION = 5.0;
				TARGETED_DEVICE_FAMILY = "1,2";
			};
			name = Release;
		};
/* End XCBuildConfiguration section */

/* Begin XCConfigurationList section */
		3612944F2AECE23A0088E952 /* Build configuration list for PBXProject "Movie App" */ = {
			isa = XCConfigurationList;
			buildConfigurations = (
				361294662AECE23E0088E952 /* Debug */,
				361294672AECE23E0088E952 /* Release */,
			);
			defaultConfigurationIsVisible = 0;
			defaultConfigurationName = Release;
		};
		361294682AECE23E0088E952 /* Build configuration list for PBXNativeTarget "Movie App" */ = {
			isa = XCConfigurationList;
			buildConfigurations = (
				361294692AECE23E0088E952 /* Debug */,
				3612946A2AECE23E0088E952 /* Release */,
			);
			defaultConfigurationIsVisible = 0;
			defaultConfigurationName = Release;
		};
/* End XCConfigurationList section */
	};
	rootObject = 3612944C2AECE23A0088E952 /* Project object */;
}
